// !$*UTF8*$!
{
	archiveVersion = 1;
	classes = {
	};
	objectVersion = 50;
	objects = {

/* Begin PBXBuildFile section */
		08B0755925E692A4005FA936 /* AppDelegate.swift in Sources */ = {isa = PBXBuildFile; fileRef = 08B0755825E692A4005FA936 /* AppDelegate.swift */; };
		08B0755B25E692A4005FA936 /* SceneDelegate.swift in Sources */ = {isa = PBXBuildFile; fileRef = 08B0755A25E692A4005FA936 /* SceneDelegate.swift */; };
		08B0755D25E692A4005FA936 /* ViewController.swift in Sources */ = {isa = PBXBuildFile; fileRef = 08B0755C25E692A4005FA936 /* ViewController.swift */; };
		08B0756025E692A4005FA936 /* Main.storyboard in Resources */ = {isa = PBXBuildFile; fileRef = 08B0755E25E692A4005FA936 /* Main.storyboard */; };
		08B0756225E692A5005FA936 /* Assets.xcassets in Resources */ = {isa = PBXBuildFile; fileRef = 08B0756125E692A5005FA936 /* Assets.xcassets */; };
		08B0756525E692A5005FA936 /* LaunchScreen.storyboard in Resources */ = {isa = PBXBuildFile; fileRef = 08B0756325E692A5005FA936 /* LaunchScreen.storyboard */; };
		08B0756E25E69C57005FA936 /* RickMortyCollectionViewCell.swift in Sources */ = {isa = PBXBuildFile; fileRef = 08B0756D25E69C57005FA936 /* RickMortyCollectionViewCell.swift */; };
		08B0757125E69CF6005FA936 /* RickMortyCollectionView.swift in Sources */ = {isa = PBXBuildFile; fileRef = 08B0757025E69CF6005FA936 /* RickMortyCollectionView.swift */; };
/* End PBXBuildFile section */

/* Begin PBXFileReference section */
		08B0755525E692A4005FA936 /* ProjetIOS2.app */ = {isa = PBXFileReference; explicitFileType = wrapper.application; includeInIndex = 0; path = ProjetIOS2.app; sourceTree = BUILT_PRODUCTS_DIR; };
		08B0755825E692A4005FA936 /* AppDelegate.swift */ = {isa = PBXFileReference; lastKnownFileType = sourcecode.swift; path = AppDelegate.swift; sourceTree = "<group>"; };
		08B0755A25E692A4005FA936 /* SceneDelegate.swift */ = {isa = PBXFileReference; lastKnownFileType = sourcecode.swift; path = SceneDelegate.swift; sourceTree = "<group>"; };
		08B0755C25E692A4005FA936 /* ViewController.swift */ = {isa = PBXFileReference; lastKnownFileType = sourcecode.swift; path = ViewController.swift; sourceTree = "<group>"; };
		08B0755F25E692A4005FA936 /* Base */ = {isa = PBXFileReference; lastKnownFileType = file.storyboard; name = Base; path = Base.lproj/Main.storyboard; sourceTree = "<group>"; };
		08B0756125E692A5005FA936 /* Assets.xcassets */ = {isa = PBXFileReference; lastKnownFileType = folder.assetcatalog; path = Assets.xcassets; sourceTree = "<group>"; };
		08B0756425E692A5005FA936 /* Base */ = {isa = PBXFileReference; lastKnownFileType = file.storyboard; name = Base; path = Base.lproj/LaunchScreen.storyboard; sourceTree = "<group>"; };
		08B0756625E692A5005FA936 /* Info.plist */ = {isa = PBXFileReference; lastKnownFileType = text.plist.xml; path = Info.plist; sourceTree = "<group>"; };
		08B0756D25E69C57005FA936 /* RickMortyCollectionViewCell.swift */ = {isa = PBXFileReference; lastKnownFileType = sourcecode.swift; path = RickMortyCollectionViewCell.swift; sourceTree = "<group>"; };
		08B0757025E69CF6005FA936 /* RickMortyCollectionView.swift */ = {isa = PBXFileReference; lastKnownFileType = sourcecode.swift; path = RickMortyCollectionView.swift; sourceTree = "<group>"; };
/* End PBXFileReference section */

/* Begin PBXFrameworksBuildPhase section */
		08B0755225E692A4005FA936 /* Frameworks */ = {
			isa = PBXFrameworksBuildPhase;
			buildActionMask = 2147483647;
			files = (
			);
			runOnlyForDeploymentPostprocessing = 0;
		};
/* End PBXFrameworksBuildPhase section */

/* Begin PBXGroup section */
		08B0754C25E692A4005FA936 = {
			isa = PBXGroup;
			children = (
				08B0755725E692A4005FA936 /* ProjetIOS2 */,
				08B0755625E692A4005FA936 /* Products */,
			);
			sourceTree = "<group>";
		};
		08B0755625E692A4005FA936 /* Products */ = {
			isa = PBXGroup;
			children = (
				08B0755525E692A4005FA936 /* ProjetIOS2.app */,
			);
			name = Products;
			sourceTree = "<group>";
		};
		08B0755725E692A4005FA936 /* ProjetIOS2 */ = {
			isa = PBXGroup;
			children = (
				08B0755825E692A4005FA936 /* AppDelegate.swift */,
				08B0755A25E692A4005FA936 /* SceneDelegate.swift */,
				08B0755C25E692A4005FA936 /* ViewController.swift */,
				08B0755E25E692A4005FA936 /* Main.storyboard */,
				08B0756125E692A5005FA936 /* Assets.xcassets */,
				08B0756325E692A5005FA936 /* LaunchScreen.storyboard */,
				08B0756625E692A5005FA936 /* Info.plist */,
				08B0756D25E69C57005FA936 /* RickMortyCollectionViewCell.swift */,
				08B0757025E69CF6005FA936 /* RickMortyCollectionView.swift */,
			);
			path = ProjetIOS2;
			sourceTree = "<group>";
		};
/* End PBXGroup section */

/* Begin PBXNativeTarget section */
		08B0755425E692A4005FA936 /* ProjetIOS2 */ = {
			isa = PBXNativeTarget;
			buildConfigurationList = 08B0756925E692A5005FA936 /* Build configuration list for PBXNativeTarget "ProjetIOS2" */;
			buildPhases = (
				08B0755125E692A4005FA936 /* Sources */,
				08B0755225E692A4005FA936 /* Frameworks */,
				08B0755325E692A4005FA936 /* Resources */,
			);
			buildRules = (
			);
			dependencies = (
			);
			name = ProjetIOS2;
			productName = ProjetIOS2;
			productReference = 08B0755525E692A4005FA936 /* ProjetIOS2.app */;
			productType = "com.apple.product-type.application";
		};
/* End PBXNativeTarget section */

/* Begin PBXProject section */
		08B0754D25E692A4005FA936 /* Project object */ = {
			isa = PBXProject;
			attributes = {
				LastSwiftUpdateCheck = 1240;
				LastUpgradeCheck = 1240;
				TargetAttributes = {
					08B0755425E692A4005FA936 = {
						CreatedOnToolsVersion = 12.4;
					};
				};
			};
			buildConfigurationList = 08B0755025E692A4005FA936 /* Build configuration list for PBXProject "ProjetIOS2" */;
			compatibilityVersion = "Xcode 9.3";
			developmentRegion = en;
			hasScannedForEncodings = 0;
			knownRegions = (
				en,
				Base,
			);
			mainGroup = 08B0754C25E692A4005FA936;
			productRefGroup = 08B0755625E692A4005FA936 /* Products */;
			projectDirPath = "";
			projectRoot = "";
			targets = (
				08B0755425E692A4005FA936 /* ProjetIOS2 */,
			);
		};
/* End PBXProject section */

/* Begin PBXResourcesBuildPhase section */
		08B0755325E692A4005FA936 /* Resources */ = {
			isa = PBXResourcesBuildPhase;
			buildActionMask = 2147483647;
			files = (
				08B0756525E692A5005FA936 /* LaunchScreen.storyboard in Resources */,
				08B0756225E692A5005FA936 /* Assets.xcassets in Resources */,
				08B0756025E692A4005FA936 /* Main.storyboard in Resources */,
			);
			runOnlyForDeploymentPostprocessing = 0;
		};
/* End PBXResourcesBuildPhase section */

/* Begin PBXSourcesBuildPhase section */
		08B0755125E692A4005FA936 /* Sources */ = {
			isa = PBXSourcesBuildPhase;
			buildActionMask = 2147483647;
			files = (
				08B0757125E69CF6005FA936 /* RickMortyCollectionView.swift in Sources */,
				08B0755D25E692A4005FA936 /* ViewController.swift in Sources */,
				08B0756E25E69C57005FA936 /* RickMortyCollectionViewCell.swift in Sources */,
				08B0755925E692A4005FA936 /* AppDelegate.swift in Sources */,
				08B0755B25E692A4005FA936 /* SceneDelegate.swift in Sources */,
			);
			runOnlyForDeploymentPostprocessing = 0;
		};
/* End PBXSourcesBuildPhase section */

/* Begin PBXVariantGroup section */
		08B0755E25E692A4005FA936 /* Main.storyboard */ = {
			isa = PBXVariantGroup;
			children = (
				08B0755F25E692A4005FA936 /* Base */,
			);
			name = Main.storyboard;
			sourceTree = "<group>";
		};
		08B0756325E692A5005FA936 /* LaunchScreen.storyboard */ = {
			isa = PBXVariantGroup;
			children = (
				08B0756425E692A5005FA936 /* Base */,
			);
			name = LaunchScreen.storyboard;
			sourceTree = "<group>";
		};
/* End PBXVariantGroup section */

/* Begin XCBuildConfiguration section */
		08B0756725E692A5005FA936 /* Debug */ = {
			isa = XCBuildConfiguration;
			buildSettings = {
				ALWAYS_SEARCH_USER_PATHS = NO;
				CLANG_ANALYZER_NONNULL = YES;
				CLANG_ANALYZER_NUMBER_OBJECT_CONVERSION = YES_AGGRESSIVE;
				CLANG_CXX_LANGUAGE_STANDARD = "gnu++14";
				CLANG_CXX_LIBRARY = "libc++";
				CLANG_ENABLE_MODULES = YES;
				CLANG_ENABLE_OBJC_ARC = YES;
				CLANG_ENABLE_OBJC_WEAK = YES;
				CLANG_WARN_BLOCK_CAPTURE_AUTORELEASING = YES;
				CLANG_WARN_BOOL_CONVERSION = YES;
				CLANG_WARN_COMMA = YES;
				CLANG_WARN_CONSTANT_CONVERSION = YES;
				CLANG_WARN_DEPRECATED_OBJC_IMPLEMENTATIONS = YES;
				CLANG_WARN_DIRECT_OBJC_ISA_USAGE = YES_ERROR;
				CLANG_WARN_DOCUMENTATION_COMMENTS = YES;
				CLANG_WARN_EMPTY_BODY = YES;
				CLANG_WARN_ENUM_CONVERSION = YES;
				CLANG_WARN_INFINITE_RECURSION = YES;
				CLANG_WARN_INT_CONVERSION = YES;
				CLANG_WARN_NON_LITERAL_NULL_CONVERSION = YES;
				CLANG_WARN_OBJC_IMPLICIT_RETAIN_SELF = YES;
				CLANG_WARN_OBJC_LITERAL_CONVERSION = YES;
				CLANG_WARN_OBJC_ROOT_CLASS = YES_ERROR;
				CLANG_WARN_QUOTED_INCLUDE_IN_FRAMEWORK_HEADER = YES;
				CLANG_WARN_RANGE_LOOP_ANALYSIS = YES;
				CLANG_WARN_STRICT_PROTOTYPES = YES;
				CLANG_WARN_SUSPICIOUS_MOVE = YES;
				CLANG_WARN_UNGUARDED_AVAILABILITY = YES_AGGRESSIVE;
				CLANG_WARN_UNREACHABLE_CODE = YES;
				CLANG_WARN__DUPLICATE_METHOD_MATCH = YES;
				COPY_PHASE_STRIP = NO;
				DEBUG_INFORMATION_FORMAT = dwarf;
				ENABLE_STRICT_OBJC_MSGSEND = YES;
				ENABLE_TESTABILITY = YES;
				GCC_C_LANGUAGE_STANDARD = gnu11;
				GCC_DYNAMIC_NO_PIC = NO;
				GCC_NO_COMMON_BLOCKS = YES;
				GCC_OPTIMIZATION_LEVEL = 0;
				GCC_PREPROCESSOR_DEFINITIONS = (
					"DEBUG=1",
					"$(inherited)",
				);
				GCC_WARN_64_TO_32_BIT_CONVERSION = YES;
				GCC_WARN_ABOUT_RETURN_TYPE = YES_ERROR;
				GCC_WARN_UNDECLARED_SELECTOR = YES;
				GCC_WARN_UNINITIALIZED_AUTOS = YES_AGGRESSIVE;
				GCC_WARN_UNUSED_FUNCTION = YES;
				GCC_WARN_UNUSED_VARIABLE = YES;
				IPHONEOS_DEPLOYMENT_TARGET = 14.4;
				MTL_ENABLE_DEBUG_INFO = INCLUDE_SOURCE;
				MTL_FAST_MATH = YES;
				ONLY_ACTIVE_ARCH = YES;
				SDKROOT = iphoneos;
				SWIFT_ACTIVE_COMPILATION_CONDITIONS = DEBUG;
				SWIFT_OPTIMIZATION_LEVEL = "-Onone";
			};
			name = Debug;
		};
		08B0756825E692A5005FA936 /* Release */ = {
			isa = XCBuildConfiguration;
			buildSettings = {
				ALWAYS_SEARCH_USER_PATHS = NO;
				CLANG_ANALYZER_NONNULL = YES;
				CLANG_ANALYZER_NUMBER_OBJECT_CONVERSION = YES_AGGRESSIVE;
				CLANG_CXX_LANGUAGE_STANDARD = "gnu++14";
				CLANG_CXX_LIBRARY = "libc++";
				CLANG_ENABLE_MODULES = YES;
				CLANG_ENABLE_OBJC_ARC = YES;
				CLANG_ENABLE_OBJC_WEAK = YES;
				CLANG_WARN_BLOCK_CAPTURE_AUTORELEASING = YES;
				CLANG_WARN_BOOL_CONVERSION = YES;
				CLANG_WARN_COMMA = YES;
				CLANG_WARN_CONSTANT_CONVERSION = YES;
				CLANG_WARN_DEPRECATED_OBJC_IMPLEMENTATIONS = YES;
				CLANG_WARN_DIRECT_OBJC_ISA_USAGE = YES_ERROR;
				CLANG_WARN_DOCUMENTATION_COMMENTS = YES;
				CLANG_WARN_EMPTY_BODY = YES;
				CLANG_WARN_ENUM_CONVERSION = YES;
				CLANG_WARN_INFINITE_RECURSION = YES;
				CLANG_WARN_INT_CONVERSION = YES;
				CLANG_WARN_NON_LITERAL_NULL_CONVERSION = YES;
				CLANG_WARN_OBJC_IMPLICIT_RETAIN_SELF = YES;
				CLANG_WARN_OBJC_LITERAL_CONVERSION = YES;
				CLANG_WARN_OBJC_ROOT_CLASS = YES_ERROR;
				CLANG_WARN_QUOTED_INCLUDE_IN_FRAMEWORK_HEADER = YES;
				CLANG_WARN_RANGE_LOOP_ANALYSIS = YES;
				CLANG_WARN_STRICT_PROTOTYPES = YES;
				CLANG_WARN_SUSPICIOUS_MOVE = YES;
				CLANG_WARN_UNGUARDED_AVAILABILITY = YES_AGGRESSIVE;
				CLANG_WARN_UNREACHABLE_CODE = YES;
				CLANG_WARN__DUPLICATE_METHOD_MATCH = YES;
				COPY_PHASE_STRIP = NO;
				DEBUG_INFORMATION_FORMAT = "dwarf-with-dsym";
				ENABLE_NS_ASSERTIONS = NO;
				ENABLE_STRICT_OBJC_MSGSEND = YES;
				GCC_C_LANGUAGE_STANDARD = gnu11;
				GCC_NO_COMMON_BLOCKS = YES;
				GCC_WARN_64_TO_32_BIT_CONVERSION = YES;
				GCC_WARN_ABOUT_RETURN_TYPE = YES_ERROR;
				GCC_WARN_UNDECLARED_SELECTOR = YES;
				GCC_WARN_UNINITIALIZED_AUTOS = YES_AGGRESSIVE;
				GCC_WARN_UNUSED_FUNCTION = YES;
				GCC_WARN_UNUSED_VARIABLE = YES;
				IPHONEOS_DEPLOYMENT_TARGET = 14.4;
				MTL_ENABLE_DEBUG_INFO = NO;
				MTL_FAST_MATH = YES;
				SDKROOT = iphoneos;
				SWIFT_COMPILATION_MODE = wholemodule;
				SWIFT_OPTIMIZATION_LEVEL = "-O";
				VALIDATE_PRODUCT = YES;
			};
			name = Release;
		};
		08B0756A25E692A5005FA936 /* Debug */ = {
			isa = XCBuildConfiguration;
			buildSettings = {
				ASSETCATALOG_COMPILER_APPICON_NAME = AppIcon;
				ASSETCATALOG_COMPILER_GLOBAL_ACCENT_COLOR_NAME = AccentColor;
				CODE_SIGN_STYLE = Automatic;
				DEVELOPMENT_TEAM = T6284694S6;
				INFOPLIST_FILE = ProjetIOS2/Info.plist;
				LD_RUNPATH_SEARCH_PATHS = (
					"$(inherited)",
					"@executable_path/Frameworks",
				);
				PRODUCT_BUNDLE_IDENTIFIER = "fr.univ-lyon1.maxfacch.ProjetIOS2";
				PRODUCT_NAME = "$(TARGET_NAME)";
				SWIFT_VERSION = 5.0;
				TARGETED_DEVICE_FAMILY = "1,2";
			};
			name = Debug;
		};
		08B0756B25E692A5005FA936 /* Release */ = {
			isa = XCBuildConfiguration;
			buildSettings = {
				ASSETCATALOG_COMPILER_APPICON_NAME = AppIcon;
				ASSETCATALOG_COMPILER_GLOBAL_ACCENT_COLOR_NAME = AccentColor;
				CODE_SIGN_STYLE = Automatic;
				DEVELOPMENT_TEAM = T6284694S6;
				INFOPLIST_FILE = ProjetIOS2/Info.plist;
				LD_RUNPATH_SEARCH_PATHS = (
					"$(inherited)",
					"@executable_path/Frameworks",
				);
				PRODUCT_BUNDLE_IDENTIFIER = "fr.univ-lyon1.maxfacch.ProjetIOS2";
				PRODUCT_NAME = "$(TARGET_NAME)";
				SWIFT_VERSION = 5.0;
				TARGETED_DEVICE_FAMILY = "1,2";
			};
			name = Release;
		};
/* End XCBuildConfiguration section */

/* Begin XCConfigurationList section */
		08B0755025E692A4005FA936 /* Build configuration list for PBXProject "ProjetIOS2" */ = {
			isa = XCConfigurationList;
			buildConfigurations = (
				08B0756725E692A5005FA936 /* Debug */,
				08B0756825E692A5005FA936 /* Release */,
			);
			defaultConfigurationIsVisible = 0;
			defaultConfigurationName = Release;
		};
		08B0756925E692A5005FA936 /* Build configuration list for PBXNativeTarget "ProjetIOS2" */ = {
			isa = XCConfigurationList;
			buildConfigurations = (
				08B0756A25E692A5005FA936 /* Debug */,
				08B0756B25E692A5005FA936 /* Release */,
			);
			defaultConfigurationIsVisible = 0;
			defaultConfigurationName = Release;
		};
/* End XCConfigurationList section */
	};
	rootObject = 08B0754D25E692A4005FA936 /* Project object */;
}
